
Microsoft Visual Studio Solution File, Format Version 12.00
# Visual Studio 15
VisualStudioVersion = 15.0.27703.2042
MinimumVisualStudioVersion = 10.0.40219.1
Project("{FAE04EC0-301F-11D3-BF4B-00C04F79EFBC}") = "NFES", "NFES\NFES.csproj", "{BD5BA315-8530-4777-B749-D3822A4F8BE9}"
EndProject
Project("{FAE04EC0-301F-11D3-BF4B-00C04F79EFBC}") = "PDV", "PDV\PDV.csproj", "{3C1B964B-1218-4A1F-96A3-65AE3BCBDE62}"
EndProject
Project("{FAE04EC0-301F-11D3-BF4B-00C04F79EFBC}") = "PostoCombustivel", "PostoCombustivel\PostoCombustivel.csproj", "{6A5A70D0-8258-42DE-9B25-8D6FB7F0E497}"
EndProject
Project("{FAE04EC0-301F-11D3-BF4B-00C04F79EFBC}") = "Frota", "Frota\Frota.csproj", "{6737E793-A3AC-41FB-9838-1243C8907E30}"
EndProject
Project("{FAE04EC0-301F-11D3-BF4B-00C04F79EFBC}") = "CamadaDados", "CamadaDados\CamadaDados.csproj", "{DD35B696-7B35-4A9A-B396-2BE0923263C9}"
EndProject
Project("{FAE04EC0-301F-11D3-BF4B-00C04F79EFBC}") = "Almoxarifado", "Almoxarifado\Almoxarifado.csproj", "{1E43B375-FBA8-4428-9E3F-40CD27E476A9}"
EndProject
Project("{FAE04EC0-301F-11D3-BF4B-00C04F79EFBC}") = "Balanca", "Balanca\Balanca.csproj", "{5C892CB9-08E4-4311-80D3-FE43ABBC76D0}"
EndProject
Project("{FAE04EC0-301F-11D3-BF4B-00C04F79EFBC}") = "CamadaNegocio", "CamadaNegocio\CamadaNegocio.csproj", "{6304BD7F-4924-4BB8-98BE-D87AC31854D5}"
EndProject
Project("{FAE04EC0-301F-11D3-BF4B-00C04F79EFBC}") = "Commoditties", "Commoditties\Commoditties.csproj", "{292D6426-61F4-4271-8C8F-B20730482F44}"
EndProject
Project("{FAE04EC0-301F-11D3-BF4B-00C04F79EFBC}") = "Componentes", "Componentes\Componentes.csproj", "{904F7739-675D-471D-96B2-563412836DA3}"
EndProject
Project("{FAE04EC0-301F-11D3-BF4B-00C04F79EFBC}") = "Compra", "Compra\Compra.csproj", "{630AB6D7-7118-48F1-BCD8-805D72A07563}"
EndProject
Project("{FAE04EC0-301F-11D3-BF4B-00C04F79EFBC}") = "Consulta", "Consulta\Consulta.csproj", "{A5BC81C1-BE21-4D67-A42E-A051640E36D4}"
EndProject
Project("{FAE04EC0-301F-11D3-BF4B-00C04F79EFBC}") = "Contabil", "Contabil\Contabil.csproj", "{88088D25-4986-4989-B497-CA1E1C8DC6C6}"
EndProject
Project("{FAE04EC0-301F-11D3-BF4B-00C04F79EFBC}") = "Estoque", "Estoque\Estoque.csproj", "{5AF3EB6F-12D2-468F-B238-FAE3EB806B16}"
EndProject
Project("{FAE04EC0-301F-11D3-BF4B-00C04F79EFBC}") = "Faturamento", "Faturamento\Faturamento.csproj", "{927B706F-5E1A-4722-B260-32E4D2217DD4}"
EndProject
Project("{FAE04EC0-301F-11D3-BF4B-00C04F79EFBC}") = "Fazenda", "Fazenda\Fazenda.csproj", "{53CE82CC-14FA-45CA-9C1B-5E255597AEED}"
EndProject
Project("{FAE04EC0-301F-11D3-BF4B-00C04F79EFBC}") = "Financeiro", "Financeiro\Financeiro.csproj", "{1CE51878-365C-4E6E-9BD7-CBB332B18081}"
EndProject
Project("{FAE04EC0-301F-11D3-BF4B-00C04F79EFBC}") = "Fiscal", "Fiscal\Fiscal.csproj", "{35FC49F9-4E65-4D10-9DB3-5ED052D9DB34}"
EndProject
Project("{FAE04EC0-301F-11D3-BF4B-00C04F79EFBC}") = "FormBusca", "FormBusca\FormBusca.csproj", "{E15B29D9-C046-43D8-AE41-5950DA981D85}"
EndProject
Project("{FAE04EC0-301F-11D3-BF4B-00C04F79EFBC}") = "FormCadPadrao", "FormCadPadrao\FormCadPadrao.csproj", "{A7B14D42-0286-4E4C-BB41-A6A59D25410B}"
EndProject
Project("{FAE04EC0-301F-11D3-BF4B-00C04F79EFBC}") = "FormPadrao", "FormPadrao\FormPadrao.csproj", "{C965E859-D359-4F6E-91FD-F48AD613C864}"
EndProject
Project("{FAE04EC0-301F-11D3-BF4B-00C04F79EFBC}") = "FormPesagemPadrao", "FormPesagemPadrao\FormPesagemPadrao.csproj", "{9D5CC72C-59BA-470E-B1AB-33CE161CDE3B}"
EndProject
Project("{FAE04EC0-301F-11D3-BF4B-00C04F79EFBC}") = "FormRelPadrao", "FormRelPadrao\FormRelPadrao.csproj", "{09C8AB18-BF30-4579-8945-3EEFB3E2C134}"
EndProject
Project("{FAE04EC0-301F-11D3-BF4B-00C04F79EFBC}") = "Gerencia", "Gerencia\Gerencia.csproj", "{C1A65443-527C-4100-A828-E1B072EB35C2}"
EndProject
Project("{FAE04EC0-301F-11D3-BF4B-00C04F79EFBC}") = "Help", "Help\Help.csproj", "{FF45D0E0-E347-438F-8DAA-4587F3CF0847}"
EndProject
Project("{FAE04EC0-301F-11D3-BF4B-00C04F79EFBC}") = "Idioma", "Idioma\Idioma.csproj", "{DC1320CB-A574-4204-9E14-7DBB8D56F350}"
EndProject
Project("{FAE04EC0-301F-11D3-BF4B-00C04F79EFBC}") = "LeituraSerial", "LeituraSerial\LeituraSerial.csproj", "{50AD47FE-3798-4179-B438-456F4E8D78E1}"
EndProject
Project("{FAE04EC0-301F-11D3-BF4B-00C04F79EFBC}") = "NFE", "NFE\NFE.csproj", "{B765028D-8B44-4002-9B45-C69FCB083188}"
EndProject
Project("{FAE04EC0-301F-11D3-BF4B-00C04F79EFBC}") = "NumeroNota", "NumeroNota\NumeroNota.csproj", "{1EDD0F31-4762-4314-9F2E-0AC184E60DFC}"
EndProject
Project("{FAE04EC0-301F-11D3-BF4B-00C04F79EFBC}") = "Parametros", "Parametros\Parametros.csproj", "{0976A508-894E-45A8-8055-ABE829C1BFA3}"
EndProject
Project("{FAE04EC0-301F-11D3-BF4B-00C04F79EFBC}") = "Proc_Commoditties", "Proc_Commoditties\Proc_Commoditties.csproj", "{E9D31189-9F38-4114-9C18-C3E1A1331CCA}"
EndProject
Project("{FAE04EC0-301F-11D3-BF4B-00C04F79EFBC}") = "Producao", "Producao\Producao.csproj", "{9DAFEB62-3000-4D0F-8921-AD09A0B3014F}"
EndProject
Project("{FAE04EC0-301F-11D3-BF4B-00C04F79EFBC}") = "Sementes", "Sementes\Sementes.csproj", "{E0813916-6E26-4F63-81AC-34BDCEC25BB9}"
EndProject
Project("{FAE04EC0-301F-11D3-BF4B-00C04F79EFBC}") = "Servicos", "Servicos\Servicos.csproj", "{44263636-F90D-4E97-BA87-B4FC301EC944}"
EndProject
Project("{FAE04EC0-301F-11D3-BF4B-00C04F79EFBC}") = "Utils", "Utils\Utils.csproj", "{4D197519-BCF0-4F61-BD23-221071729261}"
EndProject
Project("{FAE04EC0-301F-11D3-BF4B-00C04F79EFBC}") = "WebCamLibrary", "WebCamLibrary\WebCamLibrary.csproj", "{172F13F8-7B9F-4CC2-ADB4-27C8B1E966DC}"
EndProject
Project("{FAE04EC0-301F-11D3-BF4B-00C04F79EFBC}") = "CTe", "CTe\CTe.csproj", "{D554AFE6-DD57-42F4-A454-C9B863935A9A}"
EndProject
Project("{FAE04EC0-301F-11D3-BF4B-00C04F79EFBC}") = "NFCe", "NFCe\NFCe.csproj", "{6348E819-72DA-4E58-97D1-0191E1F63B7A}"
EndProject
Project("{FAE04EC0-301F-11D3-BF4B-00C04F79EFBC}") = "Mudanca", "Mudanca\Mudanca.csproj", "{D63BA79C-C958-46D2-A33F-2D702C6D0550}"
EndProject
Project("{FAE04EC0-301F-11D3-BF4B-00C04F79EFBC}") = "Aliance.NET", "Aliance.NET\Aliance.NET.csproj", "{69E1B482-E44B-4084-8D39-482DDA48A90E}"
EndProject
Project("{FAE04EC0-301F-11D3-BF4B-00C04F79EFBC}") = "Locacao", "Locacao\Locacao.csproj", "{A0ABE48B-BE9C-4DED-A152-9F6B31374675}"
EndProject
Project("{FAE04EC0-301F-11D3-BF4B-00C04F79EFBC}") = "MDFe", "MDFe\MDFe.csproj", "{A3A04509-5C11-4768-B07D-631897C5C6EB}"
EndProject
Project("{FAE04EC0-301F-11D3-BF4B-00C04F79EFBC}") = "Empreendimento", "Empreendimento\Empreendimento.csproj", "{D245452E-7F0C-4F87-B937-98BB4CC99353}"
EndProject
Project("{FAE04EC0-301F-11D3-BF4B-00C04F79EFBC}") = "AlianceAtualiza", "AlianceAtualiza\AlianceAtualiza.csproj", "{1CEED6F4-E750-4413-9350-8ED269693BD6}"
EndProject
Project("{FAE04EC0-301F-11D3-BF4B-00C04F79EFBC}") = "Restaurante", "Restaurante\Restaurante.csproj", "{F80533D8-8040-4464-B712-87FE77F7FAFA}"
EndProject
Project("{FAE04EC0-301F-11D3-BF4B-00C04F79EFBC}") = "ServiceRest", "ServiceRest\ServiceRest.csproj", "{7C8FA445-497E-47EA-92BC-0DF0D0AA6120}"
EndProject
Global
	GlobalSection(SolutionConfigurationPlatforms) = preSolution
		Debug|Any CPU = Debug|Any CPU
		Debug|x86 = Debug|x86
		Release|Any CPU = Release|Any CPU
		Release|x86 = Release|x86
	EndGlobalSection
	GlobalSection(ProjectConfigurationPlatforms) = postSolution
		{BD5BA315-8530-4777-B749-D3822A4F8BE9}.Debug|Any CPU.ActiveCfg = Debug|Any CPU
		{BD5BA315-8530-4777-B749-D3822A4F8BE9}.Debug|Any CPU.Build.0 = Debug|Any CPU
		{BD5BA315-8530-4777-B749-D3822A4F8BE9}.Debug|x86.ActiveCfg = Debug|Any CPU
		{BD5BA315-8530-4777-B749-D3822A4F8BE9}.Debug|x86.Build.0 = Debug|Any CPU
		{BD5BA315-8530-4777-B749-D3822A4F8BE9}.Release|Any CPU.ActiveCfg = Release|Any CPU
		{BD5BA315-8530-4777-B749-D3822A4F8BE9}.Release|Any CPU.Build.0 = Release|Any CPU
		{BD5BA315-8530-4777-B749-D3822A4F8BE9}.Release|x86.ActiveCfg = Release|Any CPU
		{BD5BA315-8530-4777-B749-D3822A4F8BE9}.Release|x86.Build.0 = Release|Any CPU
		{3C1B964B-1218-4A1F-96A3-65AE3BCBDE62}.Debug|Any CPU.ActiveCfg = Debug|Any CPU
		{3C1B964B-1218-4A1F-96A3-65AE3BCBDE62}.Debug|Any CPU.Build.0 = Debug|Any CPU
		{3C1B964B-1218-4A1F-96A3-65AE3BCBDE62}.Debug|x86.ActiveCfg = Debug|Any CPU
		{3C1B964B-1218-4A1F-96A3-65AE3BCBDE62}.Debug|x86.Build.0 = Debug|Any CPU
		{3C1B964B-1218-4A1F-96A3-65AE3BCBDE62}.Release|Any CPU.ActiveCfg = Release|Any CPU
		{3C1B964B-1218-4A1F-96A3-65AE3BCBDE62}.Release|Any CPU.Build.0 = Release|Any CPU
		{3C1B964B-1218-4A1F-96A3-65AE3BCBDE62}.Release|x86.ActiveCfg = Release|Any CPU
		{3C1B964B-1218-4A1F-96A3-65AE3BCBDE62}.Release|x86.Build.0 = Release|Any CPU
		{6A5A70D0-8258-42DE-9B25-8D6FB7F0E497}.Debug|Any CPU.ActiveCfg = Debug|Any CPU
		{6A5A70D0-8258-42DE-9B25-8D6FB7F0E497}.Debug|Any CPU.Build.0 = Debug|Any CPU
		{6A5A70D0-8258-42DE-9B25-8D6FB7F0E497}.Debug|x86.ActiveCfg = Debug|Any CPU
		{6A5A70D0-8258-42DE-9B25-8D6FB7F0E497}.Debug|x86.Build.0 = Debug|Any CPU
		{6A5A70D0-8258-42DE-9B25-8D6FB7F0E497}.Release|Any CPU.ActiveCfg = Release|Any CPU
		{6A5A70D0-8258-42DE-9B25-8D6FB7F0E497}.Release|Any CPU.Build.0 = Release|Any CPU
		{6A5A70D0-8258-42DE-9B25-8D6FB7F0E497}.Release|x86.ActiveCfg = Release|Any CPU
		{6A5A70D0-8258-42DE-9B25-8D6FB7F0E497}.Release|x86.Build.0 = Release|Any CPU
		{6737E793-A3AC-41FB-9838-1243C8907E30}.Debug|Any CPU.ActiveCfg = Debug|Any CPU
		{6737E793-A3AC-41FB-9838-1243C8907E30}.Debug|Any CPU.Build.0 = Debug|Any CPU
		{6737E793-A3AC-41FB-9838-1243C8907E30}.Debug|x86.ActiveCfg = Debug|Any CPU
		{6737E793-A3AC-41FB-9838-1243C8907E30}.Debug|x86.Build.0 = Debug|Any CPU
		{6737E793-A3AC-41FB-9838-1243C8907E30}.Release|Any CPU.ActiveCfg = Release|Any CPU
		{6737E793-A3AC-41FB-9838-1243C8907E30}.Release|Any CPU.Build.0 = Release|Any CPU
		{6737E793-A3AC-41FB-9838-1243C8907E30}.Release|x86.ActiveCfg = Release|Any CPU
		{6737E793-A3AC-41FB-9838-1243C8907E30}.Release|x86.Build.0 = Release|Any CPU
		{DD35B696-7B35-4A9A-B396-2BE0923263C9}.Debug|Any CPU.ActiveCfg = Debug|Any CPU
		{DD35B696-7B35-4A9A-B396-2BE0923263C9}.Debug|Any CPU.Build.0 = Debug|Any CPU
		{DD35B696-7B35-4A9A-B396-2BE0923263C9}.Debug|x86.ActiveCfg = Debug|Any CPU
		{DD35B696-7B35-4A9A-B396-2BE0923263C9}.Debug|x86.Build.0 = Debug|Any CPU
		{DD35B696-7B35-4A9A-B396-2BE0923263C9}.Release|Any CPU.ActiveCfg = Release|Any CPU
		{DD35B696-7B35-4A9A-B396-2BE0923263C9}.Release|Any CPU.Build.0 = Release|Any CPU
		{DD35B696-7B35-4A9A-B396-2BE0923263C9}.Release|x86.ActiveCfg = Release|Any CPU
		{DD35B696-7B35-4A9A-B396-2BE0923263C9}.Release|x86.Build.0 = Release|Any CPU
		{1E43B375-FBA8-4428-9E3F-40CD27E476A9}.Debug|Any CPU.ActiveCfg = Debug|Any CPU
		{1E43B375-FBA8-4428-9E3F-40CD27E476A9}.Debug|Any CPU.Build.0 = Debug|Any CPU
		{1E43B375-FBA8-4428-9E3F-40CD27E476A9}.Debug|x86.ActiveCfg = Debug|Any CPU
		{1E43B375-FBA8-4428-9E3F-40CD27E476A9}.Debug|x86.Build.0 = Debug|Any CPU
		{1E43B375-FBA8-4428-9E3F-40CD27E476A9}.Release|Any CPU.ActiveCfg = Release|Any CPU
		{1E43B375-FBA8-4428-9E3F-40CD27E476A9}.Release|Any CPU.Build.0 = Release|Any CPU
		{1E43B375-FBA8-4428-9E3F-40CD27E476A9}.Release|x86.ActiveCfg = Release|Any CPU
		{1E43B375-FBA8-4428-9E3F-40CD27E476A9}.Release|x86.Build.0 = Release|Any CPU
		{5C892CB9-08E4-4311-80D3-FE43ABBC76D0}.Debug|Any CPU.ActiveCfg = Debug|Any CPU
		{5C892CB9-08E4-4311-80D3-FE43ABBC76D0}.Debug|Any CPU.Build.0 = Debug|Any CPU
		{5C892CB9-08E4-4311-80D3-FE43ABBC76D0}.Debug|x86.ActiveCfg = Debug|Any CPU
		{5C892CB9-08E4-4311-80D3-FE43ABBC76D0}.Debug|x86.Build.0 = Debug|Any CPU
		{5C892CB9-08E4-4311-80D3-FE43ABBC76D0}.Release|Any CPU.ActiveCfg = Release|Any CPU
		{5C892CB9-08E4-4311-80D3-FE43ABBC76D0}.Release|Any CPU.Build.0 = Release|Any CPU
		{5C892CB9-08E4-4311-80D3-FE43ABBC76D0}.Release|x86.ActiveCfg = Release|Any CPU
		{5C892CB9-08E4-4311-80D3-FE43ABBC76D0}.Release|x86.Build.0 = Release|Any CPU
		{6304BD7F-4924-4BB8-98BE-D87AC31854D5}.Debug|Any CPU.ActiveCfg = Debug|Any CPU
		{6304BD7F-4924-4BB8-98BE-D87AC31854D5}.Debug|Any CPU.Build.0 = Debug|Any CPU
		{6304BD7F-4924-4BB8-98BE-D87AC31854D5}.Debug|x86.ActiveCfg = Debug|Any CPU
		{6304BD7F-4924-4BB8-98BE-D87AC31854D5}.Debug|x86.Build.0 = Debug|Any CPU
		{6304BD7F-4924-4BB8-98BE-D87AC31854D5}.Release|Any CPU.ActiveCfg = Release|Any CPU
		{6304BD7F-4924-4BB8-98BE-D87AC31854D5}.Release|Any CPU.Build.0 = Release|Any CPU
		{6304BD7F-4924-4BB8-98BE-D87AC31854D5}.Release|x86.ActiveCfg = Release|Any CPU
		{6304BD7F-4924-4BB8-98BE-D87AC31854D5}.Release|x86.Build.0 = Release|Any CPU
		{292D6426-61F4-4271-8C8F-B20730482F44}.Debug|Any CPU.ActiveCfg = Debug|Any CPU
		{292D6426-61F4-4271-8C8F-B20730482F44}.Debug|Any CPU.Build.0 = Debug|Any CPU
		{292D6426-61F4-4271-8C8F-B20730482F44}.Debug|x86.ActiveCfg = Debug|Any CPU
		{292D6426-61F4-4271-8C8F-B20730482F44}.Debug|x86.Build.0 = Debug|Any CPU
		{292D6426-61F4-4271-8C8F-B20730482F44}.Release|Any CPU.ActiveCfg = Release|Any CPU
		{292D6426-61F4-4271-8C8F-B20730482F44}.Release|Any CPU.Build.0 = Release|Any CPU
		{292D6426-61F4-4271-8C8F-B20730482F44}.Release|x86.ActiveCfg = Release|Any CPU
		{292D6426-61F4-4271-8C8F-B20730482F44}.Release|x86.Build.0 = Release|Any CPU
		{904F7739-675D-471D-96B2-563412836DA3}.Debug|Any CPU.ActiveCfg = Debug|Any CPU
		{904F7739-675D-471D-96B2-563412836DA3}.Debug|Any CPU.Build.0 = Debug|Any CPU
		{904F7739-675D-471D-96B2-563412836DA3}.Debug|x86.ActiveCfg = Debug|Any CPU
		{904F7739-675D-471D-96B2-563412836DA3}.Debug|x86.Build.0 = Debug|Any CPU
		{904F7739-675D-471D-96B2-563412836DA3}.Release|Any CPU.ActiveCfg = Release|Any CPU
		{904F7739-675D-471D-96B2-563412836DA3}.Release|Any CPU.Build.0 = Release|Any CPU
		{904F7739-675D-471D-96B2-563412836DA3}.Release|x86.ActiveCfg = Release|Any CPU
		{904F7739-675D-471D-96B2-563412836DA3}.Release|x86.Build.0 = Release|Any CPU
		{630AB6D7-7118-48F1-BCD8-805D72A07563}.Debug|Any CPU.ActiveCfg = Debug|Any CPU
		{630AB6D7-7118-48F1-BCD8-805D72A07563}.Debug|Any CPU.Build.0 = Debug|Any CPU
		{630AB6D7-7118-48F1-BCD8-805D72A07563}.Debug|x86.ActiveCfg = Debug|Any CPU
		{630AB6D7-7118-48F1-BCD8-805D72A07563}.Debug|x86.Build.0 = Debug|Any CPU
		{630AB6D7-7118-48F1-BCD8-805D72A07563}.Release|Any CPU.ActiveCfg = Release|Any CPU
		{630AB6D7-7118-48F1-BCD8-805D72A07563}.Release|Any CPU.Build.0 = Release|Any CPU
		{630AB6D7-7118-48F1-BCD8-805D72A07563}.Release|x86.ActiveCfg = Release|Any CPU
		{630AB6D7-7118-48F1-BCD8-805D72A07563}.Release|x86.Build.0 = Release|Any CPU
		{A5BC81C1-BE21-4D67-A42E-A051640E36D4}.Debug|Any CPU.ActiveCfg = Debug|Any CPU
		{A5BC81C1-BE21-4D67-A42E-A051640E36D4}.Debug|Any CPU.Build.0 = Debug|Any CPU
		{A5BC81C1-BE21-4D67-A42E-A051640E36D4}.Debug|x86.ActiveCfg = Debug|Any CPU
		{A5BC81C1-BE21-4D67-A42E-A051640E36D4}.Debug|x86.Build.0 = Debug|Any CPU
		{A5BC81C1-BE21-4D67-A42E-A051640E36D4}.Release|Any CPU.ActiveCfg = Release|Any CPU
		{A5BC81C1-BE21-4D67-A42E-A051640E36D4}.Release|Any CPU.Build.0 = Release|Any CPU
		{A5BC81C1-BE21-4D67-A42E-A051640E36D4}.Release|x86.ActiveCfg = Release|Any CPU
		{A5BC81C1-BE21-4D67-A42E-A051640E36D4}.Release|x86.Build.0 = Release|Any CPU
		{88088D25-4986-4989-B497-CA1E1C8DC6C6}.Debug|Any CPU.ActiveCfg = Debug|Any CPU
		{88088D25-4986-4989-B497-CA1E1C8DC6C6}.Debug|Any CPU.Build.0 = Debug|Any CPU
		{88088D25-4986-4989-B497-CA1E1C8DC6C6}.Debug|x86.ActiveCfg = Debug|Any CPU
		{88088D25-4986-4989-B497-CA1E1C8DC6C6}.Debug|x86.Build.0 = Debug|Any CPU
		{88088D25-4986-4989-B497-CA1E1C8DC6C6}.Release|Any CPU.ActiveCfg = Release|Any CPU
		{88088D25-4986-4989-B497-CA1E1C8DC6C6}.Release|Any CPU.Build.0 = Release|Any CPU
		{88088D25-4986-4989-B497-CA1E1C8DC6C6}.Release|x86.ActiveCfg = Release|Any CPU
		{88088D25-4986-4989-B497-CA1E1C8DC6C6}.Release|x86.Build.0 = Release|Any CPU
		{5AF3EB6F-12D2-468F-B238-FAE3EB806B16}.Debug|Any CPU.ActiveCfg = Debug|Any CPU
		{5AF3EB6F-12D2-468F-B238-FAE3EB806B16}.Debug|Any CPU.Build.0 = Debug|Any CPU
		{5AF3EB6F-12D2-468F-B238-FAE3EB806B16}.Debug|x86.ActiveCfg = Debug|Any CPU
		{5AF3EB6F-12D2-468F-B238-FAE3EB806B16}.Debug|x86.Build.0 = Debug|Any CPU
		{5AF3EB6F-12D2-468F-B238-FAE3EB806B16}.Release|Any CPU.ActiveCfg = Release|Any CPU
		{5AF3EB6F-12D2-468F-B238-FAE3EB806B16}.Release|Any CPU.Build.0 = Release|Any CPU
		{5AF3EB6F-12D2-468F-B238-FAE3EB806B16}.Release|x86.ActiveCfg = Release|Any CPU
		{5AF3EB6F-12D2-468F-B238-FAE3EB806B16}.Release|x86.Build.0 = Release|Any CPU
		{927B706F-5E1A-4722-B260-32E4D2217DD4}.Debug|Any CPU.ActiveCfg = Debug|Any CPU
		{927B706F-5E1A-4722-B260-32E4D2217DD4}.Debug|Any CPU.Build.0 = Debug|Any CPU
		{927B706F-5E1A-4722-B260-32E4D2217DD4}.Debug|x86.ActiveCfg = Debug|Any CPU
		{927B706F-5E1A-4722-B260-32E4D2217DD4}.Debug|x86.Build.0 = Debug|Any CPU
		{927B706F-5E1A-4722-B260-32E4D2217DD4}.Release|Any CPU.ActiveCfg = Release|Any CPU
		{927B706F-5E1A-4722-B260-32E4D2217DD4}.Release|Any CPU.Build.0 = Release|Any CPU
		{927B706F-5E1A-4722-B260-32E4D2217DD4}.Release|x86.ActiveCfg = Release|Any CPU
		{927B706F-5E1A-4722-B260-32E4D2217DD4}.Release|x86.Build.0 = Release|Any CPU
		{53CE82CC-14FA-45CA-9C1B-5E255597AEED}.Debug|Any CPU.ActiveCfg = Debug|Any CPU
		{53CE82CC-14FA-45CA-9C1B-5E255597AEED}.Debug|Any CPU.Build.0 = Debug|Any CPU
		{53CE82CC-14FA-45CA-9C1B-5E255597AEED}.Debug|x86.ActiveCfg = Debug|Any CPU
		{53CE82CC-14FA-45CA-9C1B-5E255597AEED}.Debug|x86.Build.0 = Debug|Any CPU
		{53CE82CC-14FA-45CA-9C1B-5E255597AEED}.Release|Any CPU.ActiveCfg = Release|Any CPU
		{53CE82CC-14FA-45CA-9C1B-5E255597AEED}.Release|Any CPU.Build.0 = Release|Any CPU
		{53CE82CC-14FA-45CA-9C1B-5E255597AEED}.Release|x86.ActiveCfg = Release|Any CPU
		{53CE82CC-14FA-45CA-9C1B-5E255597AEED}.Release|x86.Build.0 = Release|Any CPU
		{1CE51878-365C-4E6E-9BD7-CBB332B18081}.Debug|Any CPU.ActiveCfg = Debug|Any CPU
		{1CE51878-365C-4E6E-9BD7-CBB332B18081}.Debug|Any CPU.Build.0 = Debug|Any CPU
		{1CE51878-365C-4E6E-9BD7-CBB332B18081}.Debug|x86.ActiveCfg = Debug|Any CPU
		{1CE51878-365C-4E6E-9BD7-CBB332B18081}.Debug|x86.Build.0 = Debug|Any CPU
		{1CE51878-365C-4E6E-9BD7-CBB332B18081}.Release|Any CPU.ActiveCfg = Release|Any CPU
		{1CE51878-365C-4E6E-9BD7-CBB332B18081}.Release|Any CPU.Build.0 = Release|Any CPU
		{1CE51878-365C-4E6E-9BD7-CBB332B18081}.Release|x86.ActiveCfg = Release|Any CPU
		{1CE51878-365C-4E6E-9BD7-CBB332B18081}.Release|x86.Build.0 = Release|Any CPU
		{35FC49F9-4E65-4D10-9DB3-5ED052D9DB34}.Debug|Any CPU.ActiveCfg = Debug|Any CPU
		{35FC49F9-4E65-4D10-9DB3-5ED052D9DB34}.Debug|Any CPU.Build.0 = Debug|Any CPU
		{35FC49F9-4E65-4D10-9DB3-5ED052D9DB34}.Debug|x86.ActiveCfg = Debug|Any CPU
		{35FC49F9-4E65-4D10-9DB3-5ED052D9DB34}.Debug|x86.Build.0 = Debug|Any CPU
		{35FC49F9-4E65-4D10-9DB3-5ED052D9DB34}.Release|Any CPU.ActiveCfg = Release|Any CPU
		{35FC49F9-4E65-4D10-9DB3-5ED052D9DB34}.Release|Any CPU.Build.0 = Release|Any CPU
		{35FC49F9-4E65-4D10-9DB3-5ED052D9DB34}.Release|x86.ActiveCfg = Release|Any CPU
		{35FC49F9-4E65-4D10-9DB3-5ED052D9DB34}.Release|x86.Build.0 = Release|Any CPU
		{E15B29D9-C046-43D8-AE41-5950DA981D85}.Debug|Any CPU.ActiveCfg = Debug|Any CPU
		{E15B29D9-C046-43D8-AE41-5950DA981D85}.Debug|Any CPU.Build.0 = Debug|Any CPU
		{E15B29D9-C046-43D8-AE41-5950DA981D85}.Debug|x86.ActiveCfg = Debug|Any CPU
		{E15B29D9-C046-43D8-AE41-5950DA981D85}.Debug|x86.Build.0 = Debug|Any CPU
		{E15B29D9-C046-43D8-AE41-5950DA981D85}.Release|Any CPU.ActiveCfg = Release|Any CPU
		{E15B29D9-C046-43D8-AE41-5950DA981D85}.Release|Any CPU.Build.0 = Release|Any CPU
		{E15B29D9-C046-43D8-AE41-5950DA981D85}.Release|x86.ActiveCfg = Release|Any CPU
		{E15B29D9-C046-43D8-AE41-5950DA981D85}.Release|x86.Build.0 = Release|Any CPU
		{A7B14D42-0286-4E4C-BB41-A6A59D25410B}.Debug|Any CPU.ActiveCfg = Debug|Any CPU
		{A7B14D42-0286-4E4C-BB41-A6A59D25410B}.Debug|Any CPU.Build.0 = Debug|Any CPU
		{A7B14D42-0286-4E4C-BB41-A6A59D25410B}.Debug|x86.ActiveCfg = Debug|Any CPU
		{A7B14D42-0286-4E4C-BB41-A6A59D25410B}.Debug|x86.Build.0 = Debug|Any CPU
		{A7B14D42-0286-4E4C-BB41-A6A59D25410B}.Release|Any CPU.ActiveCfg = Release|Any CPU
		{A7B14D42-0286-4E4C-BB41-A6A59D25410B}.Release|Any CPU.Build.0 = Release|Any CPU
		{A7B14D42-0286-4E4C-BB41-A6A59D25410B}.Release|x86.ActiveCfg = Release|Any CPU
		{A7B14D42-0286-4E4C-BB41-A6A59D25410B}.Release|x86.Build.0 = Release|Any CPU
		{C965E859-D359-4F6E-91FD-F48AD613C864}.Debug|Any CPU.ActiveCfg = Debug|Any CPU
		{C965E859-D359-4F6E-91FD-F48AD613C864}.Debug|Any CPU.Build.0 = Debug|Any CPU
		{C965E859-D359-4F6E-91FD-F48AD613C864}.Debug|x86.ActiveCfg = Debug|Any CPU
		{C965E859-D359-4F6E-91FD-F48AD613C864}.Debug|x86.Build.0 = Debug|Any CPU
		{C965E859-D359-4F6E-91FD-F48AD613C864}.Release|Any CPU.ActiveCfg = Release|Any CPU
		{C965E859-D359-4F6E-91FD-F48AD613C864}.Release|Any CPU.Build.0 = Release|Any CPU
		{C965E859-D359-4F6E-91FD-F48AD613C864}.Release|x86.ActiveCfg = Release|Any CPU
		{C965E859-D359-4F6E-91FD-F48AD613C864}.Release|x86.Build.0 = Release|Any CPU
		{9D5CC72C-59BA-470E-B1AB-33CE161CDE3B}.Debug|Any CPU.ActiveCfg = Debug|Any CPU
		{9D5CC72C-59BA-470E-B1AB-33CE161CDE3B}.Debug|Any CPU.Build.0 = Debug|Any CPU
		{9D5CC72C-59BA-470E-B1AB-33CE161CDE3B}.Debug|x86.ActiveCfg = Debug|Any CPU
		{9D5CC72C-59BA-470E-B1AB-33CE161CDE3B}.Debug|x86.Build.0 = Debug|Any CPU
		{9D5CC72C-59BA-470E-B1AB-33CE161CDE3B}.Release|Any CPU.ActiveCfg = Release|Any CPU
		{9D5CC72C-59BA-470E-B1AB-33CE161CDE3B}.Release|Any CPU.Build.0 = Release|Any CPU
		{9D5CC72C-59BA-470E-B1AB-33CE161CDE3B}.Release|x86.ActiveCfg = Release|Any CPU
		{9D5CC72C-59BA-470E-B1AB-33CE161CDE3B}.Release|x86.Build.0 = Release|Any CPU
		{09C8AB18-BF30-4579-8945-3EEFB3E2C134}.Debug|Any CPU.ActiveCfg = Debug|Any CPU
		{09C8AB18-BF30-4579-8945-3EEFB3E2C134}.Debug|Any CPU.Build.0 = Debug|Any CPU
		{09C8AB18-BF30-4579-8945-3EEFB3E2C134}.Debug|x86.ActiveCfg = Debug|Any CPU
		{09C8AB18-BF30-4579-8945-3EEFB3E2C134}.Debug|x86.Build.0 = Debug|Any CPU
		{09C8AB18-BF30-4579-8945-3EEFB3E2C134}.Release|Any CPU.ActiveCfg = Release|Any CPU
		{09C8AB18-BF30-4579-8945-3EEFB3E2C134}.Release|Any CPU.Build.0 = Release|Any CPU
		{09C8AB18-BF30-4579-8945-3EEFB3E2C134}.Release|x86.ActiveCfg = Release|Any CPU
		{09C8AB18-BF30-4579-8945-3EEFB3E2C134}.Release|x86.Build.0 = Release|Any CPU
		{C1A65443-527C-4100-A828-E1B072EB35C2}.Debug|Any CPU.ActiveCfg = Debug|Any CPU
		{C1A65443-527C-4100-A828-E1B072EB35C2}.Debug|Any CPU.Build.0 = Debug|Any CPU
		{C1A65443-527C-4100-A828-E1B072EB35C2}.Debug|x86.ActiveCfg = Debug|Any CPU
		{C1A65443-527C-4100-A828-E1B072EB35C2}.Debug|x86.Build.0 = Debug|Any CPU
		{C1A65443-527C-4100-A828-E1B072EB35C2}.Release|Any CPU.ActiveCfg = Release|Any CPU
		{C1A65443-527C-4100-A828-E1B072EB35C2}.Release|Any CPU.Build.0 = Release|Any CPU
		{C1A65443-527C-4100-A828-E1B072EB35C2}.Release|x86.ActiveCfg = Release|Any CPU
		{C1A65443-527C-4100-A828-E1B072EB35C2}.Release|x86.Build.0 = Release|Any CPU
		{FF45D0E0-E347-438F-8DAA-4587F3CF0847}.Debug|Any CPU.ActiveCfg = Debug|Any CPU
		{FF45D0E0-E347-438F-8DAA-4587F3CF0847}.Debug|Any CPU.Build.0 = Debug|Any CPU
		{FF45D0E0-E347-438F-8DAA-4587F3CF0847}.Debug|x86.ActiveCfg = Debug|Any CPU
		{FF45D0E0-E347-438F-8DAA-4587F3CF0847}.Debug|x86.Build.0 = Debug|Any CPU
		{FF45D0E0-E347-438F-8DAA-4587F3CF0847}.Release|Any CPU.ActiveCfg = Release|Any CPU
		{FF45D0E0-E347-438F-8DAA-4587F3CF0847}.Release|Any CPU.Build.0 = Release|Any CPU
		{FF45D0E0-E347-438F-8DAA-4587F3CF0847}.Release|x86.ActiveCfg = Release|Any CPU
		{FF45D0E0-E347-438F-8DAA-4587F3CF0847}.Release|x86.Build.0 = Release|Any CPU
		{DC1320CB-A574-4204-9E14-7DBB8D56F350}.Debug|Any CPU.ActiveCfg = Debug|Any CPU
		{DC1320CB-A574-4204-9E14-7DBB8D56F350}.Debug|Any CPU.Build.0 = Debug|Any CPU
		{DC1320CB-A574-4204-9E14-7DBB8D56F350}.Debug|x86.ActiveCfg = Debug|Any CPU
		{DC1320CB-A574-4204-9E14-7DBB8D56F350}.Debug|x86.Build.0 = Debug|Any CPU
		{DC1320CB-A574-4204-9E14-7DBB8D56F350}.Release|Any CPU.ActiveCfg = Release|Any CPU
		{DC1320CB-A574-4204-9E14-7DBB8D56F350}.Release|Any CPU.Build.0 = Release|Any CPU
		{DC1320CB-A574-4204-9E14-7DBB8D56F350}.Release|x86.ActiveCfg = Release|Any CPU
		{DC1320CB-A574-4204-9E14-7DBB8D56F350}.Release|x86.Build.0 = Release|Any CPU
		{50AD47FE-3798-4179-B438-456F4E8D78E1}.Debug|Any CPU.ActiveCfg = Debug|Any CPU
		{50AD47FE-3798-4179-B438-456F4E8D78E1}.Debug|Any CPU.Build.0 = Debug|Any CPU
		{50AD47FE-3798-4179-B438-456F4E8D78E1}.Debug|x86.ActiveCfg = Debug|Any CPU
		{50AD47FE-3798-4179-B438-456F4E8D78E1}.Debug|x86.Build.0 = Debug|Any CPU
		{50AD47FE-3798-4179-B438-456F4E8D78E1}.Release|Any CPU.ActiveCfg = Release|Any CPU
		{50AD47FE-3798-4179-B438-456F4E8D78E1}.Release|Any CPU.Build.0 = Release|Any CPU
		{50AD47FE-3798-4179-B438-456F4E8D78E1}.Release|x86.ActiveCfg = Release|Any CPU
		{50AD47FE-3798-4179-B438-456F4E8D78E1}.Release|x86.Build.0 = Release|Any CPU
		{B765028D-8B44-4002-9B45-C69FCB083188}.Debug|Any CPU.ActiveCfg = Debug|Any CPU
		{B765028D-8B44-4002-9B45-C69FCB083188}.Debug|Any CPU.Build.0 = Debug|Any CPU
		{B765028D-8B44-4002-9B45-C69FCB083188}.Debug|x86.ActiveCfg = Debug|Any CPU
		{B765028D-8B44-4002-9B45-C69FCB083188}.Debug|x86.Build.0 = Debug|Any CPU
		{B765028D-8B44-4002-9B45-C69FCB083188}.Release|Any CPU.ActiveCfg = Release|Any CPU
		{B765028D-8B44-4002-9B45-C69FCB083188}.Release|Any CPU.Build.0 = Release|Any CPU
		{B765028D-8B44-4002-9B45-C69FCB083188}.Release|x86.ActiveCfg = Release|Any CPU
		{B765028D-8B44-4002-9B45-C69FCB083188}.Release|x86.Build.0 = Release|Any CPU
		{1EDD0F31-4762-4314-9F2E-0AC184E60DFC}.Debug|Any CPU.ActiveCfg = Debug|Any CPU
		{1EDD0F31-4762-4314-9F2E-0AC184E60DFC}.Debug|Any CPU.Build.0 = Debug|Any CPU
		{1EDD0F31-4762-4314-9F2E-0AC184E60DFC}.Debug|x86.ActiveCfg = Debug|Any CPU
		{1EDD0F31-4762-4314-9F2E-0AC184E60DFC}.Debug|x86.Build.0 = Debug|Any CPU
		{1EDD0F31-4762-4314-9F2E-0AC184E60DFC}.Release|Any CPU.ActiveCfg = Release|Any CPU
		{1EDD0F31-4762-4314-9F2E-0AC184E60DFC}.Release|Any CPU.Build.0 = Release|Any CPU
		{1EDD0F31-4762-4314-9F2E-0AC184E60DFC}.Release|x86.ActiveCfg = Release|Any CPU
		{1EDD0F31-4762-4314-9F2E-0AC184E60DFC}.Release|x86.Build.0 = Release|Any CPU
		{0976A508-894E-45A8-8055-ABE829C1BFA3}.Debug|Any CPU.ActiveCfg = Debug|Any CPU
		{0976A508-894E-45A8-8055-ABE829C1BFA3}.Debug|Any CPU.Build.0 = Debug|Any CPU
		{0976A508-894E-45A8-8055-ABE829C1BFA3}.Debug|x86.ActiveCfg = Debug|Any CPU
		{0976A508-894E-45A8-8055-ABE829C1BFA3}.Debug|x86.Build.0 = Debug|Any CPU
		{0976A508-894E-45A8-8055-ABE829C1BFA3}.Release|Any CPU.ActiveCfg = Release|Any CPU
		{0976A508-894E-45A8-8055-ABE829C1BFA3}.Release|Any CPU.Build.0 = Release|Any CPU
		{0976A508-894E-45A8-8055-ABE829C1BFA3}.Release|x86.ActiveCfg = Release|Any CPU
		{0976A508-894E-45A8-8055-ABE829C1BFA3}.Release|x86.Build.0 = Release|Any CPU
		{E9D31189-9F38-4114-9C18-C3E1A1331CCA}.Debug|Any CPU.ActiveCfg = Debug|Any CPU
		{E9D31189-9F38-4114-9C18-C3E1A1331CCA}.Debug|Any CPU.Build.0 = Debug|Any CPU
		{E9D31189-9F38-4114-9C18-C3E1A1331CCA}.Debug|x86.ActiveCfg = Debug|Any CPU
		{E9D31189-9F38-4114-9C18-C3E1A1331CCA}.Debug|x86.Build.0 = Debug|Any CPU
		{E9D31189-9F38-4114-9C18-C3E1A1331CCA}.Release|Any CPU.ActiveCfg = Release|Any CPU
		{E9D31189-9F38-4114-9C18-C3E1A1331CCA}.Release|Any CPU.Build.0 = Release|Any CPU
		{E9D31189-9F38-4114-9C18-C3E1A1331CCA}.Release|x86.ActiveCfg = Release|Any CPU
		{E9D31189-9F38-4114-9C18-C3E1A1331CCA}.Release|x86.Build.0 = Release|Any CPU
		{9DAFEB62-3000-4D0F-8921-AD09A0B3014F}.Debug|Any CPU.ActiveCfg = Debug|Any CPU
		{9DAFEB62-3000-4D0F-8921-AD09A0B3014F}.Debug|Any CPU.Build.0 = Debug|Any CPU
		{9DAFEB62-3000-4D0F-8921-AD09A0B3014F}.Debug|x86.ActiveCfg = Debug|Any CPU
		{9DAFEB62-3000-4D0F-8921-AD09A0B3014F}.Debug|x86.Build.0 = Debug|Any CPU
		{9DAFEB62-3000-4D0F-8921-AD09A0B3014F}.Release|Any CPU.ActiveCfg = Release|Any CPU
		{9DAFEB62-3000-4D0F-8921-AD09A0B3014F}.Release|Any CPU.Build.0 = Release|Any CPU
		{9DAFEB62-3000-4D0F-8921-AD09A0B3014F}.Release|x86.ActiveCfg = Release|Any CPU
		{9DAFEB62-3000-4D0F-8921-AD09A0B3014F}.Release|x86.Build.0 = Release|Any CPU
		{E0813916-6E26-4F63-81AC-34BDCEC25BB9}.Debug|Any CPU.ActiveCfg = Debug|Any CPU
		{E0813916-6E26-4F63-81AC-34BDCEC25BB9}.Debug|Any CPU.Build.0 = Debug|Any CPU
		{E0813916-6E26-4F63-81AC-34BDCEC25BB9}.Debug|x86.ActiveCfg = Debug|Any CPU
		{E0813916-6E26-4F63-81AC-34BDCEC25BB9}.Debug|x86.Build.0 = Debug|Any CPU
		{E0813916-6E26-4F63-81AC-34BDCEC25BB9}.Release|Any CPU.ActiveCfg = Release|Any CPU
		{E0813916-6E26-4F63-81AC-34BDCEC25BB9}.Release|Any CPU.Build.0 = Release|Any CPU
		{E0813916-6E26-4F63-81AC-34BDCEC25BB9}.Release|x86.ActiveCfg = Release|Any CPU
		{E0813916-6E26-4F63-81AC-34BDCEC25BB9}.Release|x86.Build.0 = Release|Any CPU
		{44263636-F90D-4E97-BA87-B4FC301EC944}.Debug|Any CPU.ActiveCfg = Debug|Any CPU
		{44263636-F90D-4E97-BA87-B4FC301EC944}.Debug|Any CPU.Build.0 = Debug|Any CPU
		{44263636-F90D-4E97-BA87-B4FC301EC944}.Debug|x86.ActiveCfg = Debug|Any CPU
		{44263636-F90D-4E97-BA87-B4FC301EC944}.Debug|x86.Build.0 = Debug|Any CPU
		{44263636-F90D-4E97-BA87-B4FC301EC944}.Release|Any CPU.ActiveCfg = Release|Any CPU
		{44263636-F90D-4E97-BA87-B4FC301EC944}.Release|Any CPU.Build.0 = Release|Any CPU
		{44263636-F90D-4E97-BA87-B4FC301EC944}.Release|x86.ActiveCfg = Release|Any CPU
		{44263636-F90D-4E97-BA87-B4FC301EC944}.Release|x86.Build.0 = Release|Any CPU
		{4D197519-BCF0-4F61-BD23-221071729261}.Debug|Any CPU.ActiveCfg = Debug|Any CPU
		{4D197519-BCF0-4F61-BD23-221071729261}.Debug|Any CPU.Build.0 = Debug|Any CPU
		{4D197519-BCF0-4F61-BD23-221071729261}.Debug|x86.ActiveCfg = Debug|Any CPU
		{4D197519-BCF0-4F61-BD23-221071729261}.Debug|x86.Build.0 = Debug|Any CPU
		{4D197519-BCF0-4F61-BD23-221071729261}.Release|Any CPU.ActiveCfg = Release|Any CPU
		{4D197519-BCF0-4F61-BD23-221071729261}.Release|Any CPU.Build.0 = Release|Any CPU
		{4D197519-BCF0-4F61-BD23-221071729261}.Release|x86.ActiveCfg = Release|Any CPU
		{4D197519-BCF0-4F61-BD23-221071729261}.Release|x86.Build.0 = Release|Any CPU
		{172F13F8-7B9F-4CC2-ADB4-27C8B1E966DC}.Debug|Any CPU.ActiveCfg = Debug|Any CPU
		{172F13F8-7B9F-4CC2-ADB4-27C8B1E966DC}.Debug|Any CPU.Build.0 = Debug|Any CPU
		{172F13F8-7B9F-4CC2-ADB4-27C8B1E966DC}.Debug|x86.ActiveCfg = Debug|Any CPU
		{172F13F8-7B9F-4CC2-ADB4-27C8B1E966DC}.Debug|x86.Build.0 = Debug|Any CPU
		{172F13F8-7B9F-4CC2-ADB4-27C8B1E966DC}.Release|Any CPU.ActiveCfg = Release|Any CPU
		{172F13F8-7B9F-4CC2-ADB4-27C8B1E966DC}.Release|Any CPU.Build.0 = Release|Any CPU
		{172F13F8-7B9F-4CC2-ADB4-27C8B1E966DC}.Release|x86.ActiveCfg = Release|Any CPU
		{172F13F8-7B9F-4CC2-ADB4-27C8B1E966DC}.Release|x86.Build.0 = Release|Any CPU
		{D554AFE6-DD57-42F4-A454-C9B863935A9A}.Debug|Any CPU.ActiveCfg = Debug|Any CPU
		{D554AFE6-DD57-42F4-A454-C9B863935A9A}.Debug|Any CPU.Build.0 = Debug|Any CPU
		{D554AFE6-DD57-42F4-A454-C9B863935A9A}.Debug|x86.ActiveCfg = Debug|Any CPU
		{D554AFE6-DD57-42F4-A454-C9B863935A9A}.Debug|x86.Build.0 = Debug|Any CPU
		{D554AFE6-DD57-42F4-A454-C9B863935A9A}.Release|Any CPU.ActiveCfg = Release|Any CPU
		{D554AFE6-DD57-42F4-A454-C9B863935A9A}.Release|Any CPU.Build.0 = Release|Any CPU
		{D554AFE6-DD57-42F4-A454-C9B863935A9A}.Release|x86.ActiveCfg = Release|Any CPU
		{D554AFE6-DD57-42F4-A454-C9B863935A9A}.Release|x86.Build.0 = Release|Any CPU
		{6348E819-72DA-4E58-97D1-0191E1F63B7A}.Debug|Any CPU.ActiveCfg = Debug|Any CPU
		{6348E819-72DA-4E58-97D1-0191E1F63B7A}.Debug|Any CPU.Build.0 = Debug|Any CPU
		{6348E819-72DA-4E58-97D1-0191E1F63B7A}.Debug|x86.ActiveCfg = Debug|Any CPU
		{6348E819-72DA-4E58-97D1-0191E1F63B7A}.Debug|x86.Build.0 = Debug|Any CPU
		{6348E819-72DA-4E58-97D1-0191E1F63B7A}.Release|Any CPU.ActiveCfg = Release|Any CPU
		{6348E819-72DA-4E58-97D1-0191E1F63B7A}.Release|Any CPU.Build.0 = Release|Any CPU
		{6348E819-72DA-4E58-97D1-0191E1F63B7A}.Release|x86.ActiveCfg = Release|Any CPU
		{6348E819-72DA-4E58-97D1-0191E1F63B7A}.Release|x86.Build.0 = Release|Any CPU
		{D63BA79C-C958-46D2-A33F-2D702C6D0550}.Debug|Any CPU.ActiveCfg = Debug|Any CPU
		{D63BA79C-C958-46D2-A33F-2D702C6D0550}.Debug|Any CPU.Build.0 = Debug|Any CPU
		{D63BA79C-C958-46D2-A33F-2D702C6D0550}.Debug|x86.ActiveCfg = Debug|Any CPU
		{D63BA79C-C958-46D2-A33F-2D702C6D0550}.Debug|x86.Build.0 = Debug|Any CPU
		{D63BA79C-C958-46D2-A33F-2D702C6D0550}.Release|Any CPU.ActiveCfg = Release|Any CPU
		{D63BA79C-C958-46D2-A33F-2D702C6D0550}.Release|Any CPU.Build.0 = Release|Any CPU
		{D63BA79C-C958-46D2-A33F-2D702C6D0550}.Release|x86.ActiveCfg = Release|Any CPU
		{D63BA79C-C958-46D2-A33F-2D702C6D0550}.Release|x86.Build.0 = Release|Any CPU
		{69E1B482-E44B-4084-8D39-482DDA48A90E}.Debug|Any CPU.ActiveCfg = Debug|Any CPU
		{69E1B482-E44B-4084-8D39-482DDA48A90E}.Debug|Any CPU.Build.0 = Debug|Any CPU
		{69E1B482-E44B-4084-8D39-482DDA48A90E}.Debug|x86.ActiveCfg = Debug|Any CPU
		{69E1B482-E44B-4084-8D39-482DDA48A90E}.Debug|x86.Build.0 = Debug|Any CPU
		{69E1B482-E44B-4084-8D39-482DDA48A90E}.Release|Any CPU.ActiveCfg = Release|Any CPU
		{69E1B482-E44B-4084-8D39-482DDA48A90E}.Release|Any CPU.Build.0 = Release|Any CPU
		{69E1B482-E44B-4084-8D39-482DDA48A90E}.Release|x86.ActiveCfg = Release|Any CPU
		{69E1B482-E44B-4084-8D39-482DDA48A90E}.Release|x86.Build.0 = Release|Any CPU
		{A0ABE48B-BE9C-4DED-A152-9F6B31374675}.Debug|Any CPU.ActiveCfg = Debug|Any CPU
		{A0ABE48B-BE9C-4DED-A152-9F6B31374675}.Debug|Any CPU.Build.0 = Debug|Any CPU
		{A0ABE48B-BE9C-4DED-A152-9F6B31374675}.Debug|x86.ActiveCfg = Debug|Any CPU
		{A0ABE48B-BE9C-4DED-A152-9F6B31374675}.Debug|x86.Build.0 = Debug|Any CPU
		{A0ABE48B-BE9C-4DED-A152-9F6B31374675}.Release|Any CPU.ActiveCfg = Release|Any CPU
		{A0ABE48B-BE9C-4DED-A152-9F6B31374675}.Release|Any CPU.Build.0 = Release|Any CPU
		{A0ABE48B-BE9C-4DED-A152-9F6B31374675}.Release|x86.ActiveCfg = Release|Any CPU
		{A0ABE48B-BE9C-4DED-A152-9F6B31374675}.Release|x86.Build.0 = Release|Any CPU
		{A3A04509-5C11-4768-B07D-631897C5C6EB}.Debug|Any CPU.ActiveCfg = Debug|Any CPU
		{A3A04509-5C11-4768-B07D-631897C5C6EB}.Debug|Any CPU.Build.0 = Debug|Any CPU
		{A3A04509-5C11-4768-B07D-631897C5C6EB}.Debug|x86.ActiveCfg = Debug|Any CPU
		{A3A04509-5C11-4768-B07D-631897C5C6EB}.Debug|x86.Build.0 = Debug|Any CPU
		{A3A04509-5C11-4768-B07D-631897C5C6EB}.Release|Any CPU.ActiveCfg = Release|Any CPU
		{A3A04509-5C11-4768-B07D-631897C5C6EB}.Release|Any CPU.Build.0 = Release|Any CPU
		{A3A04509-5C11-4768-B07D-631897C5C6EB}.Release|x86.ActiveCfg = Release|Any CPU
		{A3A04509-5C11-4768-B07D-631897C5C6EB}.Release|x86.Build.0 = Release|Any CPU
		{D245452E-7F0C-4F87-B937-98BB4CC99353}.Debug|Any CPU.ActiveCfg = Debug|Any CPU
		{D245452E-7F0C-4F87-B937-98BB4CC99353}.Debug|Any CPU.Build.0 = Debug|Any CPU
		{D245452E-7F0C-4F87-B937-98BB4CC99353}.Debug|x86.ActiveCfg = Debug|Any CPU
		{D245452E-7F0C-4F87-B937-98BB4CC99353}.Debug|x86.Build.0 = Debug|Any CPU
		{D245452E-7F0C-4F87-B937-98BB4CC99353}.Release|Any CPU.ActiveCfg = Release|Any CPU
		{D245452E-7F0C-4F87-B937-98BB4CC99353}.Release|Any CPU.Build.0 = Release|Any CPU
		{D245452E-7F0C-4F87-B937-98BB4CC99353}.Release|x86.ActiveCfg = Release|Any CPU
		{D245452E-7F0C-4F87-B937-98BB4CC99353}.Release|x86.Build.0 = Release|Any CPU
		{1CEED6F4-E750-4413-9350-8ED269693BD6}.Debug|Any CPU.ActiveCfg = Debug|Any CPU
		{1CEED6F4-E750-4413-9350-8ED269693BD6}.Debug|Any CPU.Build.0 = Debug|Any CPU
		{1CEED6F4-E750-4413-9350-8ED269693BD6}.Debug|x86.ActiveCfg = Debug|Any CPU
		{1CEED6F4-E750-4413-9350-8ED269693BD6}.Debug|x86.Build.0 = Debug|Any CPU
		{1CEED6F4-E750-4413-9350-8ED269693BD6}.Release|Any CPU.ActiveCfg = Release|Any CPU
		{1CEED6F4-E750-4413-9350-8ED269693BD6}.Release|Any CPU.Build.0 = Release|Any CPU
		{1CEED6F4-E750-4413-9350-8ED269693BD6}.Release|x86.ActiveCfg = Release|Any CPU
		{1CEED6F4-E750-4413-9350-8ED269693BD6}.Release|x86.Build.0 = Release|Any CPU
		{F80533D8-8040-4464-B712-87FE77F7FAFA}.Debug|Any CPU.ActiveCfg = Debug|Any CPU
		{F80533D8-8040-4464-B712-87FE77F7FAFA}.Debug|Any CPU.Build.0 = Debug|Any CPU
		{F80533D8-8040-4464-B712-87FE77F7FAFA}.Debug|x86.ActiveCfg = Debug|Any CPU
		{F80533D8-8040-4464-B712-87FE77F7FAFA}.Debug|x86.Build.0 = Debug|Any CPU
		{F80533D8-8040-4464-B712-87FE77F7FAFA}.Release|Any CPU.ActiveCfg = Release|Any CPU
		{F80533D8-8040-4464-B712-87FE77F7FAFA}.Release|Any CPU.Build.0 = Release|Any CPU
		{F80533D8-8040-4464-B712-87FE77F7FAFA}.Release|x86.ActiveCfg = Release|Any CPU
		{F80533D8-8040-4464-B712-87FE77F7FAFA}.Release|x86.Build.0 = Release|Any CPU
		{7C8FA445-497E-47EA-92BC-0DF0D0AA6120}.Debug|Any CPU.ActiveCfg = Debug|Any CPU
		{7C8FA445-497E-47EA-92BC-0DF0D0AA6120}.Debug|Any CPU.Build.0 = Debug|Any CPU
		{7C8FA445-497E-47EA-92BC-0DF0D0AA6120}.Debug|x86.ActiveCfg = Debug|x86
		{7C8FA445-497E-47EA-92BC-0DF0D0AA6120}.Debug|x86.Build.0 = Debug|x86
		{7C8FA445-497E-47EA-92BC-0DF0D0AA6120}.Release|Any CPU.ActiveCfg = Release|Any CPU
		{7C8FA445-497E-47EA-92BC-0DF0D0AA6120}.Release|Any CPU.Build.0 = Release|Any CPU
		{7C8FA445-497E-47EA-92BC-0DF0D0AA6120}.Release|x86.ActiveCfg = Release|x86
		{7C8FA445-497E-47EA-92BC-0DF0D0AA6120}.Release|x86.Build.0 = Release|x86
	EndGlobalSection
	GlobalSection(SolutionProperties) = preSolution
		HideSolutionNode = FALSE
	EndGlobalSection
	GlobalSection(ExtensibilityGlobals) = postSolution
		SolutionGuid = {B10703CD-2166-4BE0-BC1A-2AD12C83323F}
	EndGlobalSection
EndGlobal
